
Microsoft Visual Studio Solution File, Format Version 12.00
# Visual Studio 2012
Project("{FAE04EC0-301F-11D3-BF4B-00C04F79EFBC}") = "SASS", "SASS\SASS.csproj", "{6BABD524-A09F-4241-A105-70B85075D55C}"
EndProject
Global
	GlobalSection(SolutionConfigurationPlatforms) = preSolution
		Debug|Any CPU = Debug|Any CPU
		Release|Any CPU = Release|Any CPU
	EndGlobalSection
	GlobalSection(ProjectConfigurationPlatforms) = postSolution
		{6BABD524-A09F-4241-A105-70B85075D55C}.Debug|Any CPU.ActiveCfg = Debug|Any CPU
		{6BABD524-A09F-4241-A105-70B85075D55C}.Debug|Any CPU.Build.0 = Debug|Any CPU
		{6BABD524-A09F-4241-A105-70B85075D55C}.Release|Any CPU.ActiveCfg = Release|Any CPU
		{6BABD524-A09F-4241-A105-70B85075D55C}.Release|Any CPU.Build.0 = Release|Any CPU
	EndGlobalSection
	GlobalSection(SolutionProperties) = preSolution
		HideSolutionNode = FALSE
	EndGlobalSection
EndGlobal
