
Microsoft Visual Studio Solution File, Format Version 12.00
# Visual Studio 2012
Project("{FAE04EC0-301F-11D3-BF4B-00C04F79EFBC}") = "CSS-Overview", "CSS-Overview\CSS-Overview.csproj", "{E21BB015-6B1B-48BD-A8F8-AACBBDFD2E8D}"
EndProject
Project("{2150E333-8FDC-42A3-9474-1A3956D46DE8}") = "Solution Items", "Solution Items", "{808AF71E-8ADA-4DD2-922C-836AEDAA8381}"
EndProject
Global
	GlobalSection(SolutionConfigurationPlatforms) = preSolution
		Debug|Any CPU = Debug|Any CPU
		Release|Any CPU = Release|Any CPU
	EndGlobalSection
	GlobalSection(ProjectConfigurationPlatforms) = postSolution
		{E21BB015-6B1B-48BD-A8F8-AACBBDFD2E8D}.Debug|Any CPU.ActiveCfg = Debug|Any CPU
		{E21BB015-6B1B-48BD-A8F8-AACBBDFD2E8D}.Debug|Any CPU.Build.0 = Debug|Any CPU
		{E21BB015-6B1B-48BD-A8F8-AACBBDFD2E8D}.Release|Any CPU.ActiveCfg = Release|Any CPU
		{E21BB015-6B1B-48BD-A8F8-AACBBDFD2E8D}.Release|Any CPU.Build.0 = Release|Any CPU
	EndGlobalSection
	GlobalSection(SolutionProperties) = preSolution
		HideSolutionNode = FALSE
	EndGlobalSection
EndGlobal
